
Microsoft Visual Studio Solution File, Format Version 12.00
# Visual Studio Version 16
VisualStudioVersion = 16.0.30002.166
MinimumVisualStudioVersion = 10.0.40219.1
Project("{FAE04EC0-301F-11D3-BF4B-00C04F79EFBC}") = "Rating_Comment", "Rating_Comment.csproj", "{EF0EFAA4-1C36-4FA9-8EAD-AD184D4B6AE1}"
EndProject
Global
	GlobalSection(SolutionConfigurationPlatforms) = preSolution
		Debug|Any CPU = Debug|Any CPU
		Release|Any CPU = Release|Any CPU
	EndGlobalSection
	GlobalSection(ProjectConfigurationPlatforms) = postSolution
		{EF0EFAA4-1C36-4FA9-8EAD-AD184D4B6AE1}.Debug|Any CPU.ActiveCfg = Debug|Any CPU
		{EF0EFAA4-1C36-4FA9-8EAD-AD184D4B6AE1}.Debug|Any CPU.Build.0 = Debug|Any CPU
		{EF0EFAA4-1C36-4FA9-8EAD-AD184D4B6AE1}.Release|Any CPU.ActiveCfg = Release|Any CPU
		{EF0EFAA4-1C36-4FA9-8EAD-AD184D4B6AE1}.Release|Any CPU.Build.0 = Release|Any CPU
	EndGlobalSection
	GlobalSection(SolutionProperties) = preSolution
		HideSolutionNode = FALSE
	EndGlobalSection
	GlobalSection(ExtensibilityGlobals) = postSolution
		SolutionGuid = {AC718F90-0200-4DEC-AA5C-B8AEC85ACBC9}
	EndGlobalSection
EndGlobal
